// !$*UTF8*$!
{
	archiveVersion = 1;
	classes = {
	};
	objectVersion = 46;
	objects = {

/* Begin PBXBuildFile section */
		4DD0D8E11BAE167F00C9BD2B /* main.m in Sources */ = {isa = PBXBuildFile; fileRef = 4DD0D8E01BAE167F00C9BD2B /* main.m */; };
		4DD0D8E41BAE167F00C9BD2B /* AppDelegate.m in Sources */ = {isa = PBXBuildFile; fileRef = 4DD0D8E31BAE167F00C9BD2B /* AppDelegate.m */; };
		4DD0D8E71BAE167F00C9BD2B /* ViewController.m in Sources */ = {isa = PBXBuildFile; fileRef = 4DD0D8E61BAE167F00C9BD2B /* ViewController.m */; };
		4DD0D8EA1BAE167F00C9BD2B /* Main.storyboard in Resources */ = {isa = PBXBuildFile; fileRef = 4DD0D8E81BAE167F00C9BD2B /* Main.storyboard */; };
		4DD0D8EC1BAE167F00C9BD2B /* Assets.xcassets in Resources */ = {isa = PBXBuildFile; fileRef = 4DD0D8EB1BAE167F00C9BD2B /* Assets.xcassets */; };
		4DD0D8EF1BAE167F00C9BD2B /* LaunchScreen.storyboard in Resources */ = {isa = PBXBuildFile; fileRef = 4DD0D8ED1BAE167F00C9BD2B /* LaunchScreen.storyboard */; };
		4DD0D8FA1BAE167F00C9BD2B /* WanderlistTests.m in Sources */ = {isa = PBXBuildFile; fileRef = 4DD0D8F91BAE167F00C9BD2B /* WanderlistTests.m */; };
		4DD0D9051BAE167F00C9BD2B /* WanderlistUITests.m in Sources */ = {isa = PBXBuildFile; fileRef = 4DD0D9041BAE167F00C9BD2B /* WanderlistUITests.m */; };
/* End PBXBuildFile section */

/* Begin PBXContainerItemProxy section */
		4DD0D8F61BAE167F00C9BD2B /* PBXContainerItemProxy */ = {
			isa = PBXContainerItemProxy;
			containerPortal = 4DD0D8D41BAE167F00C9BD2B /* Project object */;
			proxyType = 1;
			remoteGlobalIDString = 4DD0D8DB1BAE167F00C9BD2B;
			remoteInfo = Wanderlist;
		};
		4DD0D9011BAE167F00C9BD2B /* PBXContainerItemProxy */ = {
			isa = PBXContainerItemProxy;
			containerPortal = 4DD0D8D41BAE167F00C9BD2B /* Project object */;
			proxyType = 1;
			remoteGlobalIDString = 4DD0D8DB1BAE167F00C9BD2B;
			remoteInfo = Wanderlist;
		};
/* End PBXContainerItemProxy section */

/* Begin PBXFileReference section */
		4DD0D8DC1BAE167F00C9BD2B /* Wanderlist.app */ = {isa = PBXFileReference; explicitFileType = wrapper.application; includeInIndex = 0; path = Wanderlist.app; sourceTree = BUILT_PRODUCTS_DIR; };
		4DD0D8E01BAE167F00C9BD2B /* main.m */ = {isa = PBXFileReference; lastKnownFileType = sourcecode.c.objc; path = main.m; sourceTree = "<group>"; };
		4DD0D8E21BAE167F00C9BD2B /* AppDelegate.h */ = {isa = PBXFileReference; lastKnownFileType = sourcecode.c.h; path = AppDelegate.h; sourceTree = "<group>"; };
		4DD0D8E31BAE167F00C9BD2B /* AppDelegate.m */ = {isa = PBXFileReference; lastKnownFileType = sourcecode.c.objc; path = AppDelegate.m; sourceTree = "<group>"; };
		4DD0D8E51BAE167F00C9BD2B /* ViewController.h */ = {isa = PBXFileReference; lastKnownFileType = sourcecode.c.h; path = ViewController.h; sourceTree = "<group>"; };
		4DD0D8E61BAE167F00C9BD2B /* ViewController.m */ = {isa = PBXFileReference; lastKnownFileType = sourcecode.c.objc; path = ViewController.m; sourceTree = "<group>"; };
		4DD0D8E91BAE167F00C9BD2B /* Base */ = {isa = PBXFileReference; lastKnownFileType = file.storyboard; name = Base; path = Base.lproj/Main.storyboard; sourceTree = "<group>"; };
		4DD0D8EB1BAE167F00C9BD2B /* Assets.xcassets */ = {isa = PBXFileReference; lastKnownFileType = folder.assetcatalog; path = Assets.xcassets; sourceTree = "<group>"; };
		4DD0D8EE1BAE167F00C9BD2B /* Base */ = {isa = PBXFileReference; lastKnownFileType = file.storyboard; name = Base; path = Base.lproj/LaunchScreen.storyboard; sourceTree = "<group>"; };
		4DD0D8F01BAE167F00C9BD2B /* Info.plist */ = {isa = PBXFileReference; lastKnownFileType = text.plist.xml; path = Info.plist; sourceTree = "<group>"; };
		4DD0D8F51BAE167F00C9BD2B /* WanderlistTests.xctest */ = {isa = PBXFileReference; explicitFileType = wrapper.cfbundle; includeInIndex = 0; path = WanderlistTests.xctest; sourceTree = BUILT_PRODUCTS_DIR; };
		4DD0D8F91BAE167F00C9BD2B /* WanderlistTests.m */ = {isa = PBXFileReference; lastKnownFileType = sourcecode.c.objc; path = WanderlistTests.m; sourceTree = "<group>"; };
		4DD0D8FB1BAE167F00C9BD2B /* Info.plist */ = {isa = PBXFileReference; lastKnownFileType = text.plist.xml; path = Info.plist; sourceTree = "<group>"; };
		4DD0D9001BAE167F00C9BD2B /* WanderlistUITests.xctest */ = {isa = PBXFileReference; explicitFileType = wrapper.cfbundle; includeInIndex = 0; path = WanderlistUITests.xctest; sourceTree = BUILT_PRODUCTS_DIR; };
		4DD0D9041BAE167F00C9BD2B /* WanderlistUITests.m */ = {isa = PBXFileReference; lastKnownFileType = sourcecode.c.objc; path = WanderlistUITests.m; sourceTree = "<group>"; };
		4DD0D9061BAE167F00C9BD2B /* Info.plist */ = {isa = PBXFileReference; lastKnownFileType = text.plist.xml; path = Info.plist; sourceTree = "<group>"; };
/* End PBXFileReference section */

/* Begin PBXFrameworksBuildPhase section */
		4DD0D8D91BAE167F00C9BD2B /* Frameworks */ = {
			isa = PBXFrameworksBuildPhase;
			buildActionMask = 2147483647;
			files = (
			);
			runOnlyForDeploymentPostprocessing = 0;
		};
		4DD0D8F21BAE167F00C9BD2B /* Frameworks */ = {
			isa = PBXFrameworksBuildPhase;
			buildActionMask = 2147483647;
			files = (
			);
			runOnlyForDeploymentPostprocessing = 0;
		};
		4DD0D8FD1BAE167F00C9BD2B /* Frameworks */ = {
			isa = PBXFrameworksBuildPhase;
			buildActionMask = 2147483647;
			files = (
			);
			runOnlyForDeploymentPostprocessing = 0;
		};
/* End PBXFrameworksBuildPhase section */

/* Begin PBXGroup section */
		4DD0D8D31BAE167F00C9BD2B = {
			isa = PBXGroup;
			children = (
				4DD0D8DE1BAE167F00C9BD2B /* Wanderlist */,
				4DD0D8F81BAE167F00C9BD2B /* WanderlistTests */,
				4DD0D9031BAE167F00C9BD2B /* WanderlistUITests */,
				4DD0D8DD1BAE167F00C9BD2B /* Products */,
			);
			sourceTree = "<group>";
		};
		4DD0D8DD1BAE167F00C9BD2B /* Products */ = {
			isa = PBXGroup;
			children = (
				4DD0D8DC1BAE167F00C9BD2B /* Wanderlist.app */,
				4DD0D8F51BAE167F00C9BD2B /* WanderlistTests.xctest */,
				4DD0D9001BAE167F00C9BD2B /* WanderlistUITests.xctest */,
			);
			name = Products;
			sourceTree = "<group>";
		};
		4DD0D8DE1BAE167F00C9BD2B /* Wanderlist */ = {
			isa = PBXGroup;
			children = (
				4DD0D8E21BAE167F00C9BD2B /* AppDelegate.h */,
				4DD0D8E31BAE167F00C9BD2B /* AppDelegate.m */,
				4DD0D8E51BAE167F00C9BD2B /* ViewController.h */,
				4DD0D8E61BAE167F00C9BD2B /* ViewController.m */,
				4DD0D8E81BAE167F00C9BD2B /* Main.storyboard */,
				4DD0D8EB1BAE167F00C9BD2B /* Assets.xcassets */,
				4DD0D8ED1BAE167F00C9BD2B /* LaunchScreen.storyboard */,
				4DD0D8F01BAE167F00C9BD2B /* Info.plist */,
				4DD0D8DF1BAE167F00C9BD2B /* Supporting Files */,
			);
			path = Wanderlist;
			sourceTree = "<group>";
		};
		4DD0D8DF1BAE167F00C9BD2B /* Supporting Files */ = {
			isa = PBXGroup;
			children = (
				4DD0D8E01BAE167F00C9BD2B /* main.m */,
			);
			name = "Supporting Files";
			sourceTree = "<group>";
		};
		4DD0D8F81BAE167F00C9BD2B /* WanderlistTests */ = {
			isa = PBXGroup;
			children = (
				4DD0D8F91BAE167F00C9BD2B /* WanderlistTests.m */,
				4DD0D8FB1BAE167F00C9BD2B /* Info.plist */,
			);
			path = WanderlistTests;
			sourceTree = "<group>";
		};
		4DD0D9031BAE167F00C9BD2B /* WanderlistUITests */ = {
			isa = PBXGroup;
			children = (
				4DD0D9041BAE167F00C9BD2B /* WanderlistUITests.m */,
				4DD0D9061BAE167F00C9BD2B /* Info.plist */,
			);
			path = WanderlistUITests;
			sourceTree = "<group>";
		};
/* End PBXGroup section */

/* Begin PBXNativeTarget section */
		4DD0D8DB1BAE167F00C9BD2B /* Wanderlist */ = {
			isa = PBXNativeTarget;
			buildConfigurationList = 4DD0D9091BAE167F00C9BD2B /* Build configuration list for PBXNativeTarget "Wanderlist" */;
			buildPhases = (
				4DD0D8D81BAE167F00C9BD2B /* Sources */,
				4DD0D8D91BAE167F00C9BD2B /* Frameworks */,
				4DD0D8DA1BAE167F00C9BD2B /* Resources */,
			);
			buildRules = (
			);
			dependencies = (
			);
			name = Wanderlist;
			productName = Wanderlist;
			productReference = 4DD0D8DC1BAE167F00C9BD2B /* Wanderlist.app */;
			productType = "com.apple.product-type.application";
		};
		4DD0D8F41BAE167F00C9BD2B /* WanderlistTests */ = {
			isa = PBXNativeTarget;
			buildConfigurationList = 4DD0D90C1BAE167F00C9BD2B /* Build configuration list for PBXNativeTarget "WanderlistTests" */;
			buildPhases = (
				4DD0D8F11BAE167F00C9BD2B /* Sources */,
				4DD0D8F21BAE167F00C9BD2B /* Frameworks */,
				4DD0D8F31BAE167F00C9BD2B /* Resources */,
			);
			buildRules = (
			);
			dependencies = (
				4DD0D8F71BAE167F00C9BD2B /* PBXTargetDependency */,
			);
			name = WanderlistTests;
			productName = WanderlistTests;
			productReference = 4DD0D8F51BAE167F00C9BD2B /* WanderlistTests.xctest */;
			productType = "com.apple.product-type.bundle.unit-test";
		};
		4DD0D8FF1BAE167F00C9BD2B /* WanderlistUITests */ = {
			isa = PBXNativeTarget;
			buildConfigurationList = 4DD0D90F1BAE167F00C9BD2B /* Build configuration list for PBXNativeTarget "WanderlistUITests" */;
			buildPhases = (
				4DD0D8FC1BAE167F00C9BD2B /* Sources */,
				4DD0D8FD1BAE167F00C9BD2B /* Frameworks */,
				4DD0D8FE1BAE167F00C9BD2B /* Resources */,
			);
			buildRules = (
			);
			dependencies = (
				4DD0D9021BAE167F00C9BD2B /* PBXTargetDependency */,
			);
			name = WanderlistUITests;
			productName = WanderlistUITests;
			productReference = 4DD0D9001BAE167F00C9BD2B /* WanderlistUITests.xctest */;
			productType = "com.apple.product-type.bundle.ui-testing";
		};
/* End PBXNativeTarget section */

/* Begin PBXProject section */
		4DD0D8D41BAE167F00C9BD2B /* Project object */ = {
			isa = PBXProject;
			attributes = {
				LastUpgradeCheck = 0710;
				ORGANIZATIONNAME = "Mark Beylin";
				TargetAttributes = {
					4DD0D8DB1BAE167F00C9BD2B = {
						CreatedOnToolsVersion = 7.1;
						DevelopmentTeam = LBRHJ73TZK;
					};
					4DD0D8F41BAE167F00C9BD2B = {
						CreatedOnToolsVersion = 7.1;
						DevelopmentTeam = LBRHJ73TZK;
						TestTargetID = 4DD0D8DB1BAE167F00C9BD2B;
					};
					4DD0D8FF1BAE167F00C9BD2B = {
						CreatedOnToolsVersion = 7.1;
						DevelopmentTeam = LBRHJ73TZK;
						TestTargetID = 4DD0D8DB1BAE167F00C9BD2B;
					};
				};
			};
			buildConfigurationList = 4DD0D8D71BAE167F00C9BD2B /* Build configuration list for PBXProject "Wanderlist" */;
			compatibilityVersion = "Xcode 3.2";
			developmentRegion = English;
			hasScannedForEncodings = 0;
			knownRegions = (
				en,
				Base,
			);
			mainGroup = 4DD0D8D31BAE167F00C9BD2B;
			productRefGroup = 4DD0D8DD1BAE167F00C9BD2B /* Products */;
			projectDirPath = "";
			projectRoot = "";
			targets = (
				4DD0D8DB1BAE167F00C9BD2B /* Wanderlist */,
				4DD0D8F41BAE167F00C9BD2B /* WanderlistTests */,
				4DD0D8FF1BAE167F00C9BD2B /* WanderlistUITests */,
			);
		};
/* End PBXProject section */

/* Begin PBXResourcesBuildPhase section */
		4DD0D8DA1BAE167F00C9BD2B /* Resources */ = {
			isa = PBXResourcesBuildPhase;
			buildActionMask = 2147483647;
			files = (
				4DD0D8EF1BAE167F00C9BD2B /* LaunchScreen.storyboard in Resources */,
				4DD0D8EC1BAE167F00C9BD2B /* Assets.xcassets in Resources */,
				4DD0D8EA1BAE167F00C9BD2B /* Main.storyboard in Resources */,
			);
			runOnlyForDeploymentPostprocessing = 0;
		};
		4DD0D8F31BAE167F00C9BD2B /* Resources */ = {
			isa = PBXResourcesBuildPhase;
			buildActionMask = 2147483647;
			files = (
			);
			runOnlyForDeploymentPostprocessing = 0;
		};
		4DD0D8FE1BAE167F00C9BD2B /* Resources */ = {
			isa = PBXResourcesBuildPhase;
			buildActionMask = 2147483647;
			files = (
			);
			runOnlyForDeploymentPostprocessing = 0;
		};
/* End PBXResourcesBuildPhase section */

/* Begin PBXSourcesBuildPhase section */
		4DD0D8D81BAE167F00C9BD2B /* Sources */ = {
			isa = PBXSourcesBuildPhase;
			buildActionMask = 2147483647;
			files = (
				4DD0D8E71BAE167F00C9BD2B /* ViewController.m in Sources */,
				4DD0D8E41BAE167F00C9BD2B /* AppDelegate.m in Sources */,
				4DD0D8E11BAE167F00C9BD2B /* main.m in Sources */,
			);
			runOnlyForDeploymentPostprocessing = 0;
		};
		4DD0D8F11BAE167F00C9BD2B /* Sources */ = {
			isa = PBXSourcesBuildPhase;
			buildActionMask = 2147483647;
			files = (
				4DD0D8FA1BAE167F00C9BD2B /* WanderlistTests.m in Sources */,
			);
			runOnlyForDeploymentPostprocessing = 0;
		};
		4DD0D8FC1BAE167F00C9BD2B /* Sources */ = {
			isa = PBXSourcesBuildPhase;
			buildActionMask = 2147483647;
			files = (
				4DD0D9051BAE167F00C9BD2B /* WanderlistUITests.m in Sources */,
			);
			runOnlyForDeploymentPostprocessing = 0;
		};
/* End PBXSourcesBuildPhase section */

/* Begin PBXTargetDependency section */
		4DD0D8F71BAE167F00C9BD2B /* PBXTargetDependency */ = {
			isa = PBXTargetDependency;
			target = 4DD0D8DB1BAE167F00C9BD2B /* Wanderlist */;
			targetProxy = 4DD0D8F61BAE167F00C9BD2B /* PBXContainerItemProxy */;
		};
		4DD0D9021BAE167F00C9BD2B /* PBXTargetDependency */ = {
			isa = PBXTargetDependency;
			target = 4DD0D8DB1BAE167F00C9BD2B /* Wanderlist */;
			targetProxy = 4DD0D9011BAE167F00C9BD2B /* PBXContainerItemProxy */;
		};
/* End PBXTargetDependency section */

/* Begin PBXVariantGroup section */
		4DD0D8E81BAE167F00C9BD2B /* Main.storyboard */ = {
			isa = PBXVariantGroup;
			children = (
				4DD0D8E91BAE167F00C9BD2B /* Base */,
			);
			name = Main.storyboard;
			sourceTree = "<group>";
		};
		4DD0D8ED1BAE167F00C9BD2B /* LaunchScreen.storyboard */ = {
			isa = PBXVariantGroup;
			children = (
				4DD0D8EE1BAE167F00C9BD2B /* Base */,
			);
			name = LaunchScreen.storyboard;
			sourceTree = "<group>";
		};
/* End PBXVariantGroup section */

/* Begin XCBuildConfiguration section */
		4DD0D9071BAE167F00C9BD2B /* Debug */ = {
			isa = XCBuildConfiguration;
			buildSettings = {
				ALWAYS_SEARCH_USER_PATHS = NO;
				CLANG_CXX_LANGUAGE_STANDARD = "gnu++0x";
				CLANG_CXX_LIBRARY = "libc++";
				CLANG_ENABLE_MODULES = YES;
				CLANG_ENABLE_OBJC_ARC = YES;
				CLANG_WARN_BOOL_CONVERSION = YES;
				CLANG_WARN_CONSTANT_CONVERSION = YES;
				CLANG_WARN_DIRECT_OBJC_ISA_USAGE = YES_ERROR;
				CLANG_WARN_EMPTY_BODY = YES;
				CLANG_WARN_ENUM_CONVERSION = YES;
				CLANG_WARN_INT_CONVERSION = YES;
				CLANG_WARN_OBJC_ROOT_CLASS = YES_ERROR;
				CLANG_WARN_UNREACHABLE_CODE = YES;
				CLANG_WARN__DUPLICATE_METHOD_MATCH = YES;
				"CODE_SIGN_IDENTITY[sdk=iphoneos*]" = "iPhone Developer";
				COPY_PHASE_STRIP = NO;
				DEBUG_INFORMATION_FORMAT = dwarf;
				ENABLE_STRICT_OBJC_MSGSEND = YES;
				ENABLE_TESTABILITY = YES;
				GCC_C_LANGUAGE_STANDARD = gnu99;
				GCC_DYNAMIC_NO_PIC = NO;
				GCC_NO_COMMON_BLOCKS = YES;
				GCC_OPTIMIZATION_LEVEL = 0;
				GCC_PREPROCESSOR_DEFINITIONS = (
					"DEBUG=1",
					"$(inherited)",
				);
				GCC_WARN_64_TO_32_BIT_CONVERSION = YES;
				GCC_WARN_ABOUT_RETURN_TYPE = YES_ERROR;
				GCC_WARN_UNDECLARED_SELECTOR = YES;
				GCC_WARN_UNINITIALIZED_AUTOS = YES_AGGRESSIVE;
				GCC_WARN_UNUSED_FUNCTION = YES;
				GCC_WARN_UNUSED_VARIABLE = YES;
				IPHONEOS_DEPLOYMENT_TARGET = 9.1;
				MTL_ENABLE_DEBUG_INFO = YES;
				ONLY_ACTIVE_ARCH = YES;
				SDKROOT = iphoneos;
			};
			name = Debug;
		};
		4DD0D9081BAE167F00C9BD2B /* Release */ = {
			isa = XCBuildConfiguration;
			buildSettings = {
				ALWAYS_SEARCH_USER_PATHS = NO;
				CLANG_CXX_LANGUAGE_STANDARD = "gnu++0x";
				CLANG_CXX_LIBRARY = "libc++";
				CLANG_ENABLE_MODULES = YES;
				CLANG_ENABLE_OBJC_ARC = YES;
				CLANG_WARN_BOOL_CONVERSION = YES;
				CLANG_WARN_CONSTANT_CONVERSION = YES;
				CLANG_WARN_DIRECT_OBJC_ISA_USAGE = YES_ERROR;
				CLANG_WARN_EMPTY_BODY = YES;
				CLANG_WARN_ENUM_CONVERSION = YES;
				CLANG_WARN_INT_CONVERSION = YES;
				CLANG_WARN_OBJC_ROOT_CLASS = YES_ERROR;
				CLANG_WARN_UNREACHABLE_CODE = YES;
				CLANG_WARN__DUPLICATE_METHOD_MATCH = YES;
				"CODE_SIGN_IDENTITY[sdk=iphoneos*]" = "iPhone Developer";
				COPY_PHASE_STRIP = NO;
				DEBUG_INFORMATION_FORMAT = "dwarf-with-dsym";
				ENABLE_NS_ASSERTIONS = NO;
				ENABLE_STRICT_OBJC_MSGSEND = YES;
				GCC_C_LANGUAGE_STANDARD = gnu99;
				GCC_NO_COMMON_BLOCKS = YES;
				GCC_WARN_64_TO_32_BIT_CONVERSION = YES;
				GCC_WARN_ABOUT_RETURN_TYPE = YES_ERROR;
				GCC_WARN_UNDECLARED_SELECTOR = YES;
				GCC_WARN_UNINITIALIZED_AUTOS = YES_AGGRESSIVE;
				GCC_WARN_UNUSED_FUNCTION = YES;
				GCC_WARN_UNUSED_VARIABLE = YES;
				IPHONEOS_DEPLOYMENT_TARGET = 9.1;
				MTL_ENABLE_DEBUG_INFO = NO;
				SDKROOT = iphoneos;
				VALIDATE_PRODUCT = YES;
			};
			name = Release;
		};
		4DD0D90A1BAE167F00C9BD2B /* Debug */ = {
			isa = XCBuildConfiguration;
			buildSettings = {
				ASSETCATALOG_COMPILER_APPICON_NAME = AppIcon;
				INFOPLIST_FILE = Wanderlist/Info.plist;
				LD_RUNPATH_SEARCH_PATHS = "$(inherited) @executable_path/Frameworks";
				PRODUCT_BUNDLE_IDENTIFIER = com.Beylin.Wanderlist;
				PRODUCT_NAME = "$(TARGET_NAME)";
			};
			name = Debug;
		};
		4DD0D90B1BAE167F00C9BD2B /* Release */ = {
			isa = XCBuildConfiguration;
			buildSettings = {
				ASSETCATALOG_COMPILER_APPICON_NAME = AppIcon;
				INFOPLIST_FILE = Wanderlist/Info.plist;
				LD_RUNPATH_SEARCH_PATHS = "$(inherited) @executable_path/Frameworks";
				PRODUCT_BUNDLE_IDENTIFIER = com.Beylin.Wanderlist;
				PRODUCT_NAME = "$(TARGET_NAME)";
			};
			name = Release;
		};
		4DD0D90D1BAE167F00C9BD2B /* Debug */ = {
			isa = XCBuildConfiguration;
			buildSettings = {
				BUNDLE_LOADER = "$(TEST_HOST)";
				INFOPLIST_FILE = WanderlistTests/Info.plist;
				LD_RUNPATH_SEARCH_PATHS = "$(inherited) @executable_path/Frameworks @loader_path/Frameworks";
				PRODUCT_BUNDLE_IDENTIFIER = com.Beylin.WanderlistTests;
				PRODUCT_NAME = "$(TARGET_NAME)";
				TEST_HOST = "$(BUILT_PRODUCTS_DIR)/Wanderlist.app/Wanderlist";
			};
			name = Debug;
		};
		4DD0D90E1BAE167F00C9BD2B /* Release */ = {
			isa = XCBuildConfiguration;
			buildSettings = {
				BUNDLE_LOADER = "$(TEST_HOST)";
				INFOPLIST_FILE = WanderlistTests/Info.plist;
				LD_RUNPATH_SEARCH_PATHS = "$(inherited) @executable_path/Frameworks @loader_path/Frameworks";
				PRODUCT_BUNDLE_IDENTIFIER = com.Beylin.WanderlistTests;
				PRODUCT_NAME = "$(TARGET_NAME)";
				TEST_HOST = "$(BUILT_PRODUCTS_DIR)/Wanderlist.app/Wanderlist";
			};
			name = Release;
		};
		4DD0D9101BAE167F00C9BD2B /* Debug */ = {
			isa = XCBuildConfiguration;
			buildSettings = {
				INFOPLIST_FILE = WanderlistUITests/Info.plist;
				LD_RUNPATH_SEARCH_PATHS = "$(inherited) @executable_path/Frameworks @loader_path/Frameworks";
				PRODUCT_BUNDLE_IDENTIFIER = com.Beylin.WanderlistUITests;
				PRODUCT_NAME = "$(TARGET_NAME)";
				TEST_TARGET_NAME = Wanderlist;
				USES_XCTRUNNER = YES;
			};
			name = Debug;
		};
		4DD0D9111BAE167F00C9BD2B /* Release */ = {
			isa = XCBuildConfiguration;
			buildSettings = {
				INFOPLIST_FILE = WanderlistUITests/Info.plist;
				LD_RUNPATH_SEARCH_PATHS = "$(inherited) @executable_path/Frameworks @loader_path/Frameworks";
				PRODUCT_BUNDLE_IDENTIFIER = com.Beylin.WanderlistUITests;
				PRODUCT_NAME = "$(TARGET_NAME)";
				TEST_TARGET_NAME = Wanderlist;
				USES_XCTRUNNER = YES;
			};
			name = Release;
		};
/* End XCBuildConfiguration section */

/* Begin XCConfigurationList section */
		4DD0D8D71BAE167F00C9BD2B /* Build configuration list for PBXProject "Wanderlist" */ = {
			isa = XCConfigurationList;
			buildConfigurations = (
				4DD0D9071BAE167F00C9BD2B /* Debug */,
				4DD0D9081BAE167F00C9BD2B /* Release */,
			);
			defaultConfigurationIsVisible = 0;
			defaultConfigurationName = Release;
		};
		4DD0D9091BAE167F00C9BD2B /* Build configuration list for PBXNativeTarget "Wanderlist" */ = {
			isa = XCConfigurationList;
			buildConfigurations = (
				4DD0D90A1BAE167F00C9BD2B /* Debug */,
				4DD0D90B1BAE167F00C9BD2B /* Release */,
			);
			defaultConfigurationIsVisible = 0;
		};
		4DD0D90C1BAE167F00C9BD2B /* Build configuration list for PBXNativeTarget "WanderlistTests" */ = {
			isa = XCConfigurationList;
			buildConfigurations = (
				4DD0D90D1BAE167F00C9BD2B /* Debug */,
				4DD0D90E1BAE167F00C9BD2B /* Release */,
			);
			defaultConfigurationIsVisible = 0;
		};
		4DD0D90F1BAE167F00C9BD2B /* Build configuration list for PBXNativeTarget "WanderlistUITests" */ = {
			isa = XCConfigurationList;
			buildConfigurations = (
				4DD0D9101BAE167F00C9BD2B /* Debug */,
				4DD0D9111BAE167F00C9BD2B /* Release */,
			);
			defaultConfigurationIsVisible = 0;
		};
/* End XCConfigurationList section */
	};
	rootObject = 4DD0D8D41BAE167F00C9BD2B /* Project object */;
}
